
Microsoft Visual Studio Solution File, Format Version 12.00
# Visual Studio 15
VisualStudioVersion = 15.0.28307.572
MinimumVisualStudioVersion = 10.0.40219.1
Project("{FAE04EC0-301F-11D3-BF4B-00C04F79EFBC}") = "sqlCacheDependencyDemo", "sqlCacheDependencyDemo\sqlCacheDependencyDemo.csproj", "{D35F1F8A-ED5C-46E7-9530-8292F555D688}"
EndProject
Project("{E24C65DC-7377-472B-9ABA-BC803B73C61A}") = "CacheDependencyNotifier", "..\..\..\..\Users\bhl731\Downloads\cachedependencynotifier\CacheDependencyNotifier\", "{914847F2-801F-4CDF-A151-4B57A2414B1A}"
	ProjectSection(WebsiteProperties) = preProject
		TargetFrameworkMoniker = ".NETFramework,Version%3Dv4.0"
		Debug.AspNetCompiler.VirtualPath = "/localhost_34169"
		Debug.AspNetCompiler.PhysicalPath = "..\..\..\..\Users\bhl731\Downloads\cachedependencynotifier\CacheDependencyNotifier\"
		Debug.AspNetCompiler.TargetPath = "PrecompiledWeb\localhost_34169\"
		Debug.AspNetCompiler.Updateable = "true"
		Debug.AspNetCompiler.ForceOverwrite = "true"
		Debug.AspNetCompiler.FixedNames = "false"
		Debug.AspNetCompiler.Debug = "True"
		Release.AspNetCompiler.VirtualPath = "/localhost_34169"
		Release.AspNetCompiler.PhysicalPath = "..\..\..\..\Users\bhl731\Downloads\cachedependencynotifier\CacheDependencyNotifier\"
		Release.AspNetCompiler.TargetPath = "PrecompiledWeb\localhost_34169\"
		Release.AspNetCompiler.Updateable = "true"
		Release.AspNetCompiler.ForceOverwrite = "true"
		Release.AspNetCompiler.FixedNames = "false"
		Release.AspNetCompiler.Debug = "False"
		VWDPort = "34169"
		SlnRelativePath = "..\..\..\..\Users\bhl731\Downloads\cachedependencynotifier\CacheDependencyNotifier\"
	EndProjectSection
EndProject
Global
	GlobalSection(SolutionConfigurationPlatforms) = preSolution
		Debug|Any CPU = Debug|Any CPU
		Release|Any CPU = Release|Any CPU
	EndGlobalSection
	GlobalSection(ProjectConfigurationPlatforms) = postSolution
		{D35F1F8A-ED5C-46E7-9530-8292F555D688}.Debug|Any CPU.ActiveCfg = Debug|Any CPU
		{D35F1F8A-ED5C-46E7-9530-8292F555D688}.Debug|Any CPU.Build.0 = Debug|Any CPU
		{D35F1F8A-ED5C-46E7-9530-8292F555D688}.Release|Any CPU.ActiveCfg = Release|Any CPU
		{D35F1F8A-ED5C-46E7-9530-8292F555D688}.Release|Any CPU.Build.0 = Release|Any CPU
		{914847F2-801F-4CDF-A151-4B57A2414B1A}.Debug|Any CPU.ActiveCfg = Debug|Any CPU
		{914847F2-801F-4CDF-A151-4B57A2414B1A}.Debug|Any CPU.Build.0 = Debug|Any CPU
		{914847F2-801F-4CDF-A151-4B57A2414B1A}.Release|Any CPU.ActiveCfg = Debug|Any CPU
		{914847F2-801F-4CDF-A151-4B57A2414B1A}.Release|Any CPU.Build.0 = Debug|Any CPU
	EndGlobalSection
	GlobalSection(SolutionProperties) = preSolution
		HideSolutionNode = FALSE
	EndGlobalSection
	GlobalSection(ExtensibilityGlobals) = postSolution
		SolutionGuid = {F2CBBA84-5BB6-46B1-B5C1-08A68D6756DD}
	EndGlobalSection
EndGlobal
